
Microsoft Visual Studio Solution File, Format Version 12.00
# Visual Studio Version 16
VisualStudioVersion = 16.0.30611.23
MinimumVisualStudioVersion = 10.0.40219.1
Project("{9A19103F-16F7-4668-BE54-9A1E7A4F7556}") = "WebLibrary", "WebLibrary\WebLibrary.csproj", "{BE2B613A-8D5B-47D3-AF94-9E79EB50FCF4}"
EndProject
Project("{9A19103F-16F7-4668-BE54-9A1E7A4F7556}") = "TestLibrary", "TestLibrary\TestLibrary.csproj", "{0B0F3945-0CDF-4E15-BCC3-9C927BB20A29}"
EndProject
Global
	GlobalSection(SolutionConfigurationPlatforms) = preSolution
		Debug|Any CPU = Debug|Any CPU
		Release|Any CPU = Release|Any CPU
	EndGlobalSection
	GlobalSection(ProjectConfigurationPlatforms) = postSolution
		{BE2B613A-8D5B-47D3-AF94-9E79EB50FCF4}.Debug|Any CPU.ActiveCfg = Debug|Any CPU
		{BE2B613A-8D5B-47D3-AF94-9E79EB50FCF4}.Debug|Any CPU.Build.0 = Debug|Any CPU
		{BE2B613A-8D5B-47D3-AF94-9E79EB50FCF4}.Release|Any CPU.ActiveCfg = Release|Any CPU
		{BE2B613A-8D5B-47D3-AF94-9E79EB50FCF4}.Release|Any CPU.Build.0 = Release|Any CPU
		{0B0F3945-0CDF-4E15-BCC3-9C927BB20A29}.Debug|Any CPU.ActiveCfg = Debug|Any CPU
		{0B0F3945-0CDF-4E15-BCC3-9C927BB20A29}.Debug|Any CPU.Build.0 = Debug|Any CPU
		{0B0F3945-0CDF-4E15-BCC3-9C927BB20A29}.Release|Any CPU.ActiveCfg = Release|Any CPU
		{0B0F3945-0CDF-4E15-BCC3-9C927BB20A29}.Release|Any CPU.Build.0 = Release|Any CPU
	EndGlobalSection
	GlobalSection(SolutionProperties) = preSolution
		HideSolutionNode = FALSE
	EndGlobalSection
	GlobalSection(ExtensibilityGlobals) = postSolution
		SolutionGuid = {83AD42E5-3DB5-430E-BFBA-9DB77B613143}
	EndGlobalSection
EndGlobal
